// !$*UTF8*$!
{
	archiveVersion = 1;
	classes = {
	};
	objectVersion = 55;
	objects = {

/* Begin PBXBuildFile section */
		8B5AF86A2CACE5E30013B695 /* CreateAccountView.swift in Sources */ = {isa = PBXBuildFile; fileRef = 8B5AF8692CACE5E30013B695 /* CreateAccountView.swift */; };
		8B5AF86C2CACE63A0013B695 /* HomeView.swift in Sources */ = {isa = PBXBuildFile; fileRef = 8B5AF86B2CACE63A0013B695 /* HomeView.swift */; };
		8B5AF86E2CACE6540013B695 /* LoginView.swift in Sources */ = {isa = PBXBuildFile; fileRef = 8B5AF86D2CACE6540013B695 /* LoginView.swift */; };
		8B5AF8702CACEB1C0013B695 /* RegisterView.swift in Sources */ = {isa = PBXBuildFile; fileRef = 8B5AF86F2CACEB1C0013B695 /* RegisterView.swift */; };
		8B62B7BD2CACE02C0095DA5F /* Tests_iOS.swift in Sources */ = {isa = PBXBuildFile; fileRef = 8B62B7BC2CACE02C0095DA5F /* Tests_iOS.swift */; };
		8B62B7BF2CACE02C0095DA5F /* Tests_iOSLaunchTests.swift in Sources */ = {isa = PBXBuildFile; fileRef = 8B62B7BE2CACE02C0095DA5F /* Tests_iOSLaunchTests.swift */; };
		8B62B7C92CACE02C0095DA5F /* Tests_macOS.swift in Sources */ = {isa = PBXBuildFile; fileRef = 8B62B7C82CACE02C0095DA5F /* Tests_macOS.swift */; };
		8B62B7CB2CACE02C0095DA5F /* Tests_macOSLaunchTests.swift in Sources */ = {isa = PBXBuildFile; fileRef = 8B62B7CA2CACE02C0095DA5F /* Tests_macOSLaunchTests.swift */; };
		8B62B7CC2CACE02C0095DA5F /* SampleLoginApp.swift in Sources */ = {isa = PBXBuildFile; fileRef = 8B62B7A42CACE0260095DA5F /* SampleLoginApp.swift */; };
		8B62B7CD2CACE02C0095DA5F /* SampleLoginApp.swift in Sources */ = {isa = PBXBuildFile; fileRef = 8B62B7A42CACE0260095DA5F /* SampleLoginApp.swift */; };
		8B62B7CE2CACE02C0095DA5F /* ContentView.swift in Sources */ = {isa = PBXBuildFile; fileRef = 8B62B7A52CACE0260095DA5F /* ContentView.swift */; };
		8B62B7CF2CACE02C0095DA5F /* ContentView.swift in Sources */ = {isa = PBXBuildFile; fileRef = 8B62B7A52CACE0260095DA5F /* ContentView.swift */; };
		8B62B7D02CACE02C0095DA5F /* Assets.xcassets in Resources */ = {isa = PBXBuildFile; fileRef = 8B62B7A62CACE02C0095DA5F /* Assets.xcassets */; };
		8B62B7D12CACE02C0095DA5F /* Assets.xcassets in Resources */ = {isa = PBXBuildFile; fileRef = 8B62B7A62CACE02C0095DA5F /* Assets.xcassets */; };
/* End PBXBuildFile section */

/* Begin PBXContainerItemProxy section */
		8B62B7B92CACE02C0095DA5F /* PBXContainerItemProxy */ = {
			isa = PBXContainerItemProxy;
			containerPortal = 8B62B79F2CACE0250095DA5F /* Project object */;
			proxyType = 1;
			remoteGlobalIDString = 8B62B7AA2CACE02C0095DA5F;
			remoteInfo = "SampleLogin (iOS)";
		};
		8B62B7C52CACE02C0095DA5F /* PBXContainerItemProxy */ = {
			isa = PBXContainerItemProxy;
			containerPortal = 8B62B79F2CACE0250095DA5F /* Project object */;
			proxyType = 1;
			remoteGlobalIDString = 8B62B7B02CACE02C0095DA5F;
			remoteInfo = "SampleLogin (macOS)";
		};
/* End PBXContainerItemProxy section */

/* Begin PBXFileReference section */
		8B5AF8692CACE5E30013B695 /* CreateAccountView.swift */ = {isa = PBXFileReference; lastKnownFileType = sourcecode.swift; path = CreateAccountView.swift; sourceTree = "<group>"; };
		8B5AF86B2CACE63A0013B695 /* HomeView.swift */ = {isa = PBXFileReference; lastKnownFileType = sourcecode.swift; path = HomeView.swift; sourceTree = "<group>"; };
		8B5AF86D2CACE6540013B695 /* LoginView.swift */ = {isa = PBXFileReference; lastKnownFileType = sourcecode.swift; path = LoginView.swift; sourceTree = "<group>"; };
		8B5AF86F2CACEB1C0013B695 /* RegisterView.swift */ = {isa = PBXFileReference; lastKnownFileType = sourcecode.swift; path = RegisterView.swift; sourceTree = "<group>"; };
		8B62B7A42CACE0260095DA5F /* SampleLoginApp.swift */ = {isa = PBXFileReference; lastKnownFileType = sourcecode.swift; path = SampleLoginApp.swift; sourceTree = "<group>"; };
		8B62B7A52CACE0260095DA5F /* ContentView.swift */ = {isa = PBXFileReference; lastKnownFileType = sourcecode.swift; path = ContentView.swift; sourceTree = "<group>"; };
		8B62B7A62CACE02C0095DA5F /* Assets.xcassets */ = {isa = PBXFileReference; lastKnownFileType = folder.assetcatalog; path = Assets.xcassets; sourceTree = "<group>"; };
		8B62B7AB2CACE02C0095DA5F /* SampleLogin.app */ = {isa = PBXFileReference; explicitFileType = wrapper.application; includeInIndex = 0; path = SampleLogin.app; sourceTree = BUILT_PRODUCTS_DIR; };
		8B62B7B12CACE02C0095DA5F /* SampleLogin.app */ = {isa = PBXFileReference; explicitFileType = wrapper.application; includeInIndex = 0; path = SampleLogin.app; sourceTree = BUILT_PRODUCTS_DIR; };
		8B62B7B32CACE02C0095DA5F /* macOS.entitlements */ = {isa = PBXFileReference; lastKnownFileType = text.plist.entitlements; path = macOS.entitlements; sourceTree = "<group>"; };
		8B62B7B82CACE02C0095DA5F /* Tests iOS.xctest */ = {isa = PBXFileReference; explicitFileType = wrapper.cfbundle; includeInIndex = 0; path = "Tests iOS.xctest"; sourceTree = BUILT_PRODUCTS_DIR; };
		8B62B7BC2CACE02C0095DA5F /* Tests_iOS.swift */ = {isa = PBXFileReference; lastKnownFileType = sourcecode.swift; path = Tests_iOS.swift; sourceTree = "<group>"; };
		8B62B7BE2CACE02C0095DA5F /* Tests_iOSLaunchTests.swift */ = {isa = PBXFileReference; lastKnownFileType = sourcecode.swift; path = Tests_iOSLaunchTests.swift; sourceTree = "<group>"; };
		8B62B7C42CACE02C0095DA5F /* Tests macOS.xctest */ = {isa = PBXFileReference; explicitFileType = wrapper.cfbundle; includeInIndex = 0; path = "Tests macOS.xctest"; sourceTree = BUILT_PRODUCTS_DIR; };
		8B62B7C82CACE02C0095DA5F /* Tests_macOS.swift */ = {isa = PBXFileReference; lastKnownFileType = sourcecode.swift; path = Tests_macOS.swift; sourceTree = "<group>"; };
		8B62B7CA2CACE02C0095DA5F /* Tests_macOSLaunchTests.swift */ = {isa = PBXFileReference; lastKnownFileType = sourcecode.swift; path = Tests_macOSLaunchTests.swift; sourceTree = "<group>"; };
/* End PBXFileReference section */

/* Begin PBXFrameworksBuildPhase section */
		8B62B7A82CACE02C0095DA5F /* Frameworks */ = {
			isa = PBXFrameworksBuildPhase;
			buildActionMask = 2147483647;
			files = (
			);
			runOnlyForDeploymentPostprocessing = 0;
		};
		8B62B7AE2CACE02C0095DA5F /* Frameworks */ = {
			isa = PBXFrameworksBuildPhase;
			buildActionMask = 2147483647;
			files = (
			);
			runOnlyForDeploymentPostprocessing = 0;
		};
		8B62B7B52CACE02C0095DA5F /* Frameworks */ = {
			isa = PBXFrameworksBuildPhase;
			buildActionMask = 2147483647;
			files = (
			);
			runOnlyForDeploymentPostprocessing = 0;
		};
		8B62B7C12CACE02C0095DA5F /* Frameworks */ = {
			isa = PBXFrameworksBuildPhase;
			buildActionMask = 2147483647;
			files = (
			);
			runOnlyForDeploymentPostprocessing = 0;
		};
/* End PBXFrameworksBuildPhase section */

/* Begin PBXGroup section */
		8B62B79E2CACE0250095DA5F = {
			isa = PBXGroup;
			children = (
				8B5AF8692CACE5E30013B695 /* CreateAccountView.swift */,
				8B62B7A32CACE0260095DA5F /* Shared */,
				8B62B7B22CACE02C0095DA5F /* macOS */,
				8B62B7BB2CACE02C0095DA5F /* Tests iOS */,
				8B62B7C72CACE02C0095DA5F /* Tests macOS */,
				8B62B7AC2CACE02C0095DA5F /* Products */,
			);
			sourceTree = "<group>";
		};
		8B62B7A32CACE0260095DA5F /* Shared */ = {
			isa = PBXGroup;
			children = (
				8B62B7A42CACE0260095DA5F /* SampleLoginApp.swift */,
				8B62B7A52CACE0260095DA5F /* ContentView.swift */,
				8B62B7A62CACE02C0095DA5F /* Assets.xcassets */,
				8B5AF86B2CACE63A0013B695 /* HomeView.swift */,
				8B5AF86D2CACE6540013B695 /* LoginView.swift */,
				8B5AF86F2CACEB1C0013B695 /* RegisterView.swift */,
			);
			path = Shared;
			sourceTree = "<group>";
		};
		8B62B7AC2CACE02C0095DA5F /* Products */ = {
			isa = PBXGroup;
			children = (
				8B62B7AB2CACE02C0095DA5F /* SampleLogin.app */,
				8B62B7B12CACE02C0095DA5F /* SampleLogin.app */,
				8B62B7B82CACE02C0095DA5F /* Tests iOS.xctest */,
				8B62B7C42CACE02C0095DA5F /* Tests macOS.xctest */,
			);
			name = Products;
			sourceTree = "<group>";
		};
		8B62B7B22CACE02C0095DA5F /* macOS */ = {
			isa = PBXGroup;
			children = (
				8B62B7B32CACE02C0095DA5F /* macOS.entitlements */,
			);
			path = macOS;
			sourceTree = "<group>";
		};
		8B62B7BB2CACE02C0095DA5F /* Tests iOS */ = {
			isa = PBXGroup;
			children = (
				8B62B7BC2CACE02C0095DA5F /* Tests_iOS.swift */,
				8B62B7BE2CACE02C0095DA5F /* Tests_iOSLaunchTests.swift */,
			);
			path = "Tests iOS";
			sourceTree = "<group>";
		};
		8B62B7C72CACE02C0095DA5F /* Tests macOS */ = {
			isa = PBXGroup;
			children = (
				8B62B7C82CACE02C0095DA5F /* Tests_macOS.swift */,
				8B62B7CA2CACE02C0095DA5F /* Tests_macOSLaunchTests.swift */,
			);
			path = "Tests macOS";
			sourceTree = "<group>";
		};
/* End PBXGroup section */

/* Begin PBXNativeTarget section */
		8B62B7AA2CACE02C0095DA5F /* SampleLogin (iOS) */ = {
			isa = PBXNativeTarget;
			buildConfigurationList = 8B62B7D42CACE02D0095DA5F /* Build configuration list for PBXNativeTarget "SampleLogin (iOS)" */;
			buildPhases = (
				8B62B7A72CACE02C0095DA5F /* Sources */,
				8B62B7A82CACE02C0095DA5F /* Frameworks */,
				8B62B7A92CACE02C0095DA5F /* Resources */,
			);
			buildRules = (
			);
			dependencies = (
			);
			name = "SampleLogin (iOS)";
			productName = "SampleLogin (iOS)";
			productReference = 8B62B7AB2CACE02C0095DA5F /* SampleLogin.app */;
			productType = "com.apple.product-type.application";
		};
		8B62B7B02CACE02C0095DA5F /* SampleLogin (macOS) */ = {
			isa = PBXNativeTarget;
			buildConfigurationList = 8B62B7D72CACE02D0095DA5F /* Build configuration list for PBXNativeTarget "SampleLogin (macOS)" */;
			buildPhases = (
				8B62B7AD2CACE02C0095DA5F /* Sources */,
				8B62B7AE2CACE02C0095DA5F /* Frameworks */,
				8B62B7AF2CACE02C0095DA5F /* Resources */,
			);
			buildRules = (
			);
			dependencies = (
			);
			name = "SampleLogin (macOS)";
			productName = "SampleLogin (macOS)";
			productReference = 8B62B7B12CACE02C0095DA5F /* SampleLogin.app */;
			productType = "com.apple.product-type.application";
		};
		8B62B7B72CACE02C0095DA5F /* Tests iOS */ = {
			isa = PBXNativeTarget;
			buildConfigurationList = 8B62B7DA2CACE02D0095DA5F /* Build configuration list for PBXNativeTarget "Tests iOS" */;
			buildPhases = (
				8B62B7B42CACE02C0095DA5F /* Sources */,
				8B62B7B52CACE02C0095DA5F /* Frameworks */,
				8B62B7B62CACE02C0095DA5F /* Resources */,
			);
			buildRules = (
			);
			dependencies = (
				8B62B7BA2CACE02C0095DA5F /* PBXTargetDependency */,
			);
			name = "Tests iOS";
			productName = "Tests iOS";
			productReference = 8B62B7B82CACE02C0095DA5F /* Tests iOS.xctest */;
			productType = "com.apple.product-type.bundle.ui-testing";
		};
		8B62B7C32CACE02C0095DA5F /* Tests macOS */ = {
			isa = PBXNativeTarget;
			buildConfigurationList = 8B62B7DD2CACE02D0095DA5F /* Build configuration list for PBXNativeTarget "Tests macOS" */;
			buildPhases = (
				8B62B7C02CACE02C0095DA5F /* Sources */,
				8B62B7C12CACE02C0095DA5F /* Frameworks */,
				8B62B7C22CACE02C0095DA5F /* Resources */,
			);
			buildRules = (
			);
			dependencies = (
				8B62B7C62CACE02C0095DA5F /* PBXTargetDependency */,
			);
			name = "Tests macOS";
			productName = "Tests macOS";
			productReference = 8B62B7C42CACE02C0095DA5F /* Tests macOS.xctest */;
			productType = "com.apple.product-type.bundle.ui-testing";
		};
/* End PBXNativeTarget section */

/* Begin PBXProject section */
		8B62B79F2CACE0250095DA5F /* Project object */ = {
			isa = PBXProject;
			attributes = {
				BuildIndependentTargetsInParallel = 1;
				LastSwiftUpdateCheck = 1340;
				LastUpgradeCheck = 1340;
				TargetAttributes = {
					8B62B7AA2CACE02C0095DA5F = {
						CreatedOnToolsVersion = 13.4.1;
					};
					8B62B7B02CACE02C0095DA5F = {
						CreatedOnToolsVersion = 13.4.1;
					};
					8B62B7B72CACE02C0095DA5F = {
						CreatedOnToolsVersion = 13.4.1;
						TestTargetID = 8B62B7AA2CACE02C0095DA5F;
					};
					8B62B7C32CACE02C0095DA5F = {
						CreatedOnToolsVersion = 13.4.1;
						TestTargetID = 8B62B7B02CACE02C0095DA5F;
					};
				};
			};
			buildConfigurationList = 8B62B7A22CACE0250095DA5F /* Build configuration list for PBXProject "SampleLogin" */;
			compatibilityVersion = "Xcode 13.0";
			developmentRegion = en;
			hasScannedForEncodings = 0;
			knownRegions = (
				en,
				Base,
			);
			mainGroup = 8B62B79E2CACE0250095DA5F;
			productRefGroup = 8B62B7AC2CACE02C0095DA5F /* Products */;
			projectDirPath = "";
			projectRoot = "";
			targets = (
				8B62B7AA2CACE02C0095DA5F /* SampleLogin (iOS) */,
				8B62B7B02CACE02C0095DA5F /* SampleLogin (macOS) */,
				8B62B7B72CACE02C0095DA5F /* Tests iOS */,
				8B62B7C32CACE02C0095DA5F /* Tests macOS */,
			);
		};
/* End PBXProject section */

/* Begin PBXResourcesBuildPhase section */
		8B62B7A92CACE02C0095DA5F /* Resources */ = {
			isa = PBXResourcesBuildPhase;
			buildActionMask = 2147483647;
			files = (
				8B62B7D02CACE02C0095DA5F /* Assets.xcassets in Resources */,
			);
			runOnlyForDeploymentPostprocessing = 0;
		};
		8B62B7AF2CACE02C0095DA5F /* Resources */ = {
			isa = PBXResourcesBuildPhase;
			buildActionMask = 2147483647;
			files = (
				8B62B7D12CACE02C0095DA5F /* Assets.xcassets in Resources */,
			);
			runOnlyForDeploymentPostprocessing = 0;
		};
		8B62B7B62CACE02C0095DA5F /* Resources */ = {
			isa = PBXResourcesBuildPhase;
			buildActionMask = 2147483647;
			files = (
			);
			runOnlyForDeploymentPostprocessing = 0;
		};
		8B62B7C22CACE02C0095DA5F /* Resources */ = {
			isa = PBXResourcesBuildPhase;
			buildActionMask = 2147483647;
			files = (
			);
			runOnlyForDeploymentPostprocessing = 0;
		};
/* End PBXResourcesBuildPhase section */

/* Begin PBXSourcesBuildPhase section */
		8B62B7A72CACE02C0095DA5F /* Sources */ = {
			isa = PBXSourcesBuildPhase;
			buildActionMask = 2147483647;
			files = (
				8B5AF86A2CACE5E30013B695 /* CreateAccountView.swift in Sources */,
				8B5AF86C2CACE63A0013B695 /* HomeView.swift in Sources */,
				8B62B7CE2CACE02C0095DA5F /* ContentView.swift in Sources */,
				8B5AF8702CACEB1C0013B695 /* RegisterView.swift in Sources */,
				8B5AF86E2CACE6540013B695 /* LoginView.swift in Sources */,
				8B62B7CC2CACE02C0095DA5F /* SampleLoginApp.swift in Sources */,
			);
			runOnlyForDeploymentPostprocessing = 0;
		};
		8B62B7AD2CACE02C0095DA5F /* Sources */ = {
			isa = PBXSourcesBuildPhase;
			buildActionMask = 2147483647;
			files = (
				8B62B7CF2CACE02C0095DA5F /* ContentView.swift in Sources */,
				8B62B7CD2CACE02C0095DA5F /* SampleLoginApp.swift in Sources */,
			);
			runOnlyForDeploymentPostprocessing = 0;
		};
		8B62B7B42CACE02C0095DA5F /* Sources */ = {
			isa = PBXSourcesBuildPhase;
			buildActionMask = 2147483647;
			files = (
				8B62B7BF2CACE02C0095DA5F /* Tests_iOSLaunchTests.swift in Sources */,
				8B62B7BD2CACE02C0095DA5F /* Tests_iOS.swift in Sources */,
			);
			runOnlyForDeploymentPostprocessing = 0;
		};
		8B62B7C02CACE02C0095DA5F /* Sources */ = {
			isa = PBXSourcesBuildPhase;
			buildActionMask = 2147483647;
			files = (
				8B62B7CB2CACE02C0095DA5F /* Tests_macOSLaunchTests.swift in Sources */,
				8B62B7C92CACE02C0095DA5F /* Tests_macOS.swift in Sources */,
			);
			runOnlyForDeploymentPostprocessing = 0;
		};
/* End PBXSourcesBuildPhase section */

/* Begin PBXTargetDependency section */
		8B62B7BA2CACE02C0095DA5F /* PBXTargetDependency */ = {
			isa = PBXTargetDependency;
			target = 8B62B7AA2CACE02C0095DA5F /* SampleLogin (iOS) */;
			targetProxy = 8B62B7B92CACE02C0095DA5F /* PBXContainerItemProxy */;
		};
		8B62B7C62CACE02C0095DA5F /* PBXTargetDependency */ = {
			isa = PBXTargetDependency;
			target = 8B62B7B02CACE02C0095DA5F /* SampleLogin (macOS) */;
			targetProxy = 8B62B7C52CACE02C0095DA5F /* PBXContainerItemProxy */;
		};
/* End PBXTargetDependency section */

/* Begin XCBuildConfiguration section */
		8B62B7D22CACE02C0095DA5F /* Debug */ = {
			isa = XCBuildConfiguration;
			buildSettings = {
				ALWAYS_SEARCH_USER_PATHS = NO;
				CLANG_ANALYZER_NONNULL = YES;
				CLANG_ANALYZER_NUMBER_OBJECT_CONVERSION = YES_AGGRESSIVE;
				CLANG_CXX_LANGUAGE_STANDARD = "gnu++17";
				CLANG_ENABLE_MODULES = YES;
				CLANG_ENABLE_OBJC_ARC = YES;
				CLANG_ENABLE_OBJC_WEAK = YES;
				CLANG_WARN_BLOCK_CAPTURE_AUTORELEASING = YES;
				CLANG_WARN_BOOL_CONVERSION = YES;
				CLANG_WARN_COMMA = YES;
				CLANG_WARN_CONSTANT_CONVERSION = YES;
				CLANG_WARN_DEPRECATED_OBJC_IMPLEMENTATIONS = YES;
				CLANG_WARN_DIRECT_OBJC_ISA_USAGE = YES_ERROR;
				CLANG_WARN_DOCUMENTATION_COMMENTS = YES;
				CLANG_WARN_EMPTY_BODY = YES;
				CLANG_WARN_ENUM_CONVERSION = YES;
				CLANG_WARN_INFINITE_RECURSION = YES;
				CLANG_WARN_INT_CONVERSION = YES;
				CLANG_WARN_NON_LITERAL_NULL_CONVERSION = YES;
				CLANG_WARN_OBJC_IMPLICIT_RETAIN_SELF = YES;
				CLANG_WARN_OBJC_LITERAL_CONVERSION = YES;
				CLANG_WARN_OBJC_ROOT_CLASS = YES_ERROR;
				CLANG_WARN_QUOTED_INCLUDE_IN_FRAMEWORK_HEADER = YES;
				CLANG_WARN_RANGE_LOOP_ANALYSIS = YES;
				CLANG_WARN_STRICT_PROTOTYPES = YES;
				CLANG_WARN_SUSPICIOUS_MOVE = YES;
				CLANG_WARN_UNGUARDED_AVAILABILITY = YES_AGGRESSIVE;
				CLANG_WARN_UNREACHABLE_CODE = YES;
				CLANG_WARN__DUPLICATE_METHOD_MATCH = YES;
				COPY_PHASE_STRIP = NO;
				DEBUG_INFORMATION_FORMAT = dwarf;
				ENABLE_STRICT_OBJC_MSGSEND = YES;
				ENABLE_TESTABILITY = YES;
				GCC_C_LANGUAGE_STANDARD = gnu11;
				GCC_DYNAMIC_NO_PIC = NO;
				GCC_NO_COMMON_BLOCKS = YES;
				GCC_OPTIMIZATION_LEVEL = 0;
				GCC_PREPROCESSOR_DEFINITIONS = (
					"DEBUG=1",
					"$(inherited)",
				);
				GCC_WARN_64_TO_32_BIT_CONVERSION = YES;
				GCC_WARN_ABOUT_RETURN_TYPE = YES_ERROR;
				GCC_WARN_UNDECLARED_SELECTOR = YES;
				GCC_WARN_UNINITIALIZED_AUTOS = YES_AGGRESSIVE;
				GCC_WARN_UNUSED_FUNCTION = YES;
				GCC_WARN_UNUSED_VARIABLE = YES;
				MTL_ENABLE_DEBUG_INFO = INCLUDE_SOURCE;
				MTL_FAST_MATH = YES;
				ONLY_ACTIVE_ARCH = YES;
				SWIFT_ACTIVE_COMPILATION_CONDITIONS = DEBUG;
				SWIFT_OPTIMIZATION_LEVEL = "-Onone";
			};
			name = Debug;
		};
		8B62B7D32CACE02C0095DA5F /* Release */ = {
			isa = XCBuildConfiguration;
			buildSettings = {
				ALWAYS_SEARCH_USER_PATHS = NO;
				CLANG_ANALYZER_NONNULL = YES;
				CLANG_ANALYZER_NUMBER_OBJECT_CONVERSION = YES_AGGRESSIVE;
				CLANG_CXX_LANGUAGE_STANDARD = "gnu++17";
				CLANG_ENABLE_MODULES = YES;
				CLANG_ENABLE_OBJC_ARC = YES;
				CLANG_ENABLE_OBJC_WEAK = YES;
				CLANG_WARN_BLOCK_CAPTURE_AUTORELEASING = YES;
				CLANG_WARN_BOOL_CONVERSION = YES;
				CLANG_WARN_COMMA = YES;
				CLANG_WARN_CONSTANT_CONVERSION = YES;
				CLANG_WARN_DEPRECATED_OBJC_IMPLEMENTATIONS = YES;
				CLANG_WARN_DIRECT_OBJC_ISA_USAGE = YES_ERROR;
				CLANG_WARN_DOCUMENTATION_COMMENTS = YES;
				CLANG_WARN_EMPTY_BODY = YES;
				CLANG_WARN_ENUM_CONVERSION = YES;
				CLANG_WARN_INFINITE_RECURSION = YES;
				CLANG_WARN_INT_CONVERSION = YES;
				CLANG_WARN_NON_LITERAL_NULL_CONVERSION = YES;
				CLANG_WARN_OBJC_IMPLICIT_RETAIN_SELF = YES;
				CLANG_WARN_OBJC_LITERAL_CONVERSION = YES;
				CLANG_WARN_OBJC_ROOT_CLASS = YES_ERROR;
				CLANG_WARN_QUOTED_INCLUDE_IN_FRAMEWORK_HEADER = YES;
				CLANG_WARN_RANGE_LOOP_ANALYSIS = YES;
				CLANG_WARN_STRICT_PROTOTYPES = YES;
				CLANG_WARN_SUSPICIOUS_MOVE = YES;
				CLANG_WARN_UNGUARDED_AVAILABILITY = YES_AGGRESSIVE;
				CLANG_WARN_UNREACHABLE_CODE = YES;
				CLANG_WARN__DUPLICATE_METHOD_MATCH = YES;
				COPY_PHASE_STRIP = NO;
				DEBUG_INFORMATION_FORMAT = "dwarf-with-dsym";
				ENABLE_NS_ASSERTIONS = NO;
				ENABLE_STRICT_OBJC_MSGSEND = YES;
				GCC_C_LANGUAGE_STANDARD = gnu11;
				GCC_NO_COMMON_BLOCKS = YES;
				GCC_WARN_64_TO_32_BIT_CONVERSION = YES;
				GCC_WARN_ABOUT_RETURN_TYPE = YES_ERROR;
				GCC_WARN_UNDECLARED_SELECTOR = YES;
				GCC_WARN_UNINITIALIZED_AUTOS = YES_AGGRESSIVE;
				GCC_WARN_UNUSED_FUNCTION = YES;
				GCC_WARN_UNUSED_VARIABLE = YES;
				MTL_ENABLE_DEBUG_INFO = NO;
				MTL_FAST_MATH = YES;
				SWIFT_COMPILATION_MODE = wholemodule;
				SWIFT_OPTIMIZATION_LEVEL = "-O";
			};
			name = Release;
		};
		8B62B7D52CACE02D0095DA5F /* Debug */ = {
			isa = XCBuildConfiguration;
			buildSettings = {
				ASSETCATALOG_COMPILER_APPICON_NAME = AppIcon;
				ASSETCATALOG_COMPILER_GLOBAL_ACCENT_COLOR_NAME = AccentColor;
				CODE_SIGN_STYLE = Automatic;
				CURRENT_PROJECT_VERSION = 1;
				ENABLE_PREVIEWS = YES;
				GENERATE_INFOPLIST_FILE = YES;
				INFOPLIST_KEY_UIApplicationSceneManifest_Generation = YES;
				INFOPLIST_KEY_UIApplicationSupportsIndirectInputEvents = YES;
				INFOPLIST_KEY_UILaunchScreen_Generation = YES;
				INFOPLIST_KEY_UISupportedInterfaceOrientations_iPad = "UIInterfaceOrientationPortrait UIInterfaceOrientationPortraitUpsideDown UIInterfaceOrientationLandscapeLeft UIInterfaceOrientationLandscapeRight";
				INFOPLIST_KEY_UISupportedInterfaceOrientations_iPhone = "UIInterfaceOrientationPortrait UIInterfaceOrientationLandscapeLeft UIInterfaceOrientationLandscapeRight";
				IPHONEOS_DEPLOYMENT_TARGET = 15.5;
				LD_RUNPATH_SEARCH_PATHS = (
					"$(inherited)",
					"@executable_path/Frameworks",
				);
				MARKETING_VERSION = 1.0;
				PRODUCT_BUNDLE_IDENTIFIER = unsa.SampleLogin;
				PRODUCT_NAME = SampleLogin;
				SDKROOT = iphoneos;
				SWIFT_EMIT_LOC_STRINGS = YES;
				SWIFT_VERSION = 5.0;
				TARGETED_DEVICE_FAMILY = "1,2";
			};
			name = Debug;
		};
		8B62B7D62CACE02D0095DA5F /* Release */ = {
			isa = XCBuildConfiguration;
			buildSettings = {
				ASSETCATALOG_COMPILER_APPICON_NAME = AppIcon;
				ASSETCATALOG_COMPILER_GLOBAL_ACCENT_COLOR_NAME = AccentColor;
				CODE_SIGN_STYLE = Automatic;
				CURRENT_PROJECT_VERSION = 1;
				ENABLE_PREVIEWS = YES;
				GENERATE_INFOPLIST_FILE = YES;
				INFOPLIST_KEY_UIApplicationSceneManifest_Generation = YES;
				INFOPLIST_KEY_UIApplicationSupportsIndirectInputEvents = YES;
				INFOPLIST_KEY_UILaunchScreen_Generation = YES;
				INFOPLIST_KEY_UISupportedInterfaceOrientations_iPad = "UIInterfaceOrientationPortrait UIInterfaceOrientationPortraitUpsideDown UIInterfaceOrientationLandscapeLeft UIInterfaceOrientationLandscapeRight";
				INFOPLIST_KEY_UISupportedInterfaceOrientations_iPhone = "UIInterfaceOrientationPortrait UIInterfaceOrientationLandscapeLeft UIInterfaceOrientationLandscapeRight";
				IPHONEOS_DEPLOYMENT_TARGET = 15.5;
				LD_RUNPATH_SEARCH_PATHS = (
					"$(inherited)",
					"@executable_path/Frameworks",
				);
				MARKETING_VERSION = 1.0;
				PRODUCT_BUNDLE_IDENTIFIER = unsa.SampleLogin;
				PRODUCT_NAME = SampleLogin;
				SDKROOT = iphoneos;
				SWIFT_EMIT_LOC_STRINGS = YES;
				SWIFT_VERSION = 5.0;
				TARGETED_DEVICE_FAMILY = "1,2";
				VALIDATE_PRODUCT = YES;
			};
			name = Release;
		};
		8B62B7D82CACE02D0095DA5F /* Debug */ = {
			isa = XCBuildConfiguration;
			buildSettings = {
				ASSETCATALOG_COMPILER_APPICON_NAME = AppIcon;
				ASSETCATALOG_COMPILER_GLOBAL_ACCENT_COLOR_NAME = AccentColor;
				CODE_SIGN_ENTITLEMENTS = macOS/macOS.entitlements;
				CODE_SIGN_STYLE = Automatic;
				COMBINE_HIDPI_IMAGES = YES;
				CURRENT_PROJECT_VERSION = 1;
				ENABLE_PREVIEWS = YES;
				GENERATE_INFOPLIST_FILE = YES;
				INFOPLIST_KEY_NSHumanReadableCopyright = "";
				LD_RUNPATH_SEARCH_PATHS = (
					"$(inherited)",
					"@executable_path/../Frameworks",
				);
				MACOSX_DEPLOYMENT_TARGET = 12.0;
				MARKETING_VERSION = 1.0;
				PRODUCT_BUNDLE_IDENTIFIER = unsa.SampleLogin;
				PRODUCT_NAME = SampleLogin;
				SDKROOT = macosx;
				SWIFT_EMIT_LOC_STRINGS = YES;
				SWIFT_VERSION = 5.0;
			};
			name = Debug;
		};
		8B62B7D92CACE02D0095DA5F /* Release */ = {
			isa = XCBuildConfiguration;
			buildSettings = {
				ASSETCATALOG_COMPILER_APPICON_NAME = AppIcon;
				ASSETCATALOG_COMPILER_GLOBAL_ACCENT_COLOR_NAME = AccentColor;
				CODE_SIGN_ENTITLEMENTS = macOS/macOS.entitlements;
				CODE_SIGN_STYLE = Automatic;
				COMBINE_HIDPI_IMAGES = YES;
				CURRENT_PROJECT_VERSION = 1;
				ENABLE_PREVIEWS = YES;
				GENERATE_INFOPLIST_FILE = YES;
				INFOPLIST_KEY_NSHumanReadableCopyright = "";
				LD_RUNPATH_SEARCH_PATHS = (
					"$(inherited)",
					"@executable_path/../Frameworks",
				);
				MACOSX_DEPLOYMENT_TARGET = 12.0;
				MARKETING_VERSION = 1.0;
				PRODUCT_BUNDLE_IDENTIFIER = unsa.SampleLogin;
				PRODUCT_NAME = SampleLogin;
				SDKROOT = macosx;
				SWIFT_EMIT_LOC_STRINGS = YES;
				SWIFT_VERSION = 5.0;
			};
			name = Release;
		};
		8B62B7DB2CACE02D0095DA5F /* Debug */ = {
			isa = XCBuildConfiguration;
			buildSettings = {
				ALWAYS_EMBED_SWIFT_STANDARD_LIBRARIES = YES;
				CODE_SIGN_STYLE = Automatic;
				CURRENT_PROJECT_VERSION = 1;
				GENERATE_INFOPLIST_FILE = YES;
				IPHONEOS_DEPLOYMENT_TARGET = 15.5;
				MARKETING_VERSION = 1.0;
				PRODUCT_BUNDLE_IDENTIFIER = "unsa.Tests-iOS";
				PRODUCT_NAME = "$(TARGET_NAME)";
				SDKROOT = iphoneos;
				SWIFT_EMIT_LOC_STRINGS = NO;
				SWIFT_VERSION = 5.0;
				TARGETED_DEVICE_FAMILY = "1,2";
				TEST_TARGET_NAME = "SampleLogin (iOS)";
			};
			name = Debug;
		};
		8B62B7DC2CACE02D0095DA5F /* Release */ = {
			isa = XCBuildConfiguration;
			buildSettings = {
				ALWAYS_EMBED_SWIFT_STANDARD_LIBRARIES = YES;
				CODE_SIGN_STYLE = Automatic;
				CURRENT_PROJECT_VERSION = 1;
				GENERATE_INFOPLIST_FILE = YES;
				IPHONEOS_DEPLOYMENT_TARGET = 15.5;
				MARKETING_VERSION = 1.0;
				PRODUCT_BUNDLE_IDENTIFIER = "unsa.Tests-iOS";
				PRODUCT_NAME = "$(TARGET_NAME)";
				SDKROOT = iphoneos;
				SWIFT_EMIT_LOC_STRINGS = NO;
				SWIFT_VERSION = 5.0;
				TARGETED_DEVICE_FAMILY = "1,2";
				TEST_TARGET_NAME = "SampleLogin (iOS)";
				VALIDATE_PRODUCT = YES;
			};
			name = Release;
		};
		8B62B7DE2CACE02D0095DA5F /* Debug */ = {
			isa = XCBuildConfiguration;
			buildSettings = {
				ALWAYS_EMBED_SWIFT_STANDARD_LIBRARIES = YES;
				CODE_SIGN_STYLE = Automatic;
				CURRENT_PROJECT_VERSION = 1;
				GENERATE_INFOPLIST_FILE = YES;
				MACOSX_DEPLOYMENT_TARGET = 12.0;
				MARKETING_VERSION = 1.0;
				PRODUCT_BUNDLE_IDENTIFIER = "unsa.Tests-macOS";
				PRODUCT_NAME = "$(TARGET_NAME)";
				SDKROOT = macosx;
				SWIFT_EMIT_LOC_STRINGS = NO;
				SWIFT_VERSION = 5.0;
				TEST_TARGET_NAME = "SampleLogin (macOS)";
			};
			name = Debug;
		};
		8B62B7DF2CACE02D0095DA5F /* Release */ = {
			isa = XCBuildConfiguration;
			buildSettings = {
				ALWAYS_EMBED_SWIFT_STANDARD_LIBRARIES = YES;
				CODE_SIGN_STYLE = Automatic;
				CURRENT_PROJECT_VERSION = 1;
				GENERATE_INFOPLIST_FILE = YES;
				MACOSX_DEPLOYMENT_TARGET = 12.0;
				MARKETING_VERSION = 1.0;
				PRODUCT_BUNDLE_IDENTIFIER = "unsa.Tests-macOS";
				PRODUCT_NAME = "$(TARGET_NAME)";
				SDKROOT = macosx;
				SWIFT_EMIT_LOC_STRINGS = NO;
				SWIFT_VERSION = 5.0;
				TEST_TARGET_NAME = "SampleLogin (macOS)";
			};
			name = Release;
		};
/* End XCBuildConfiguration section */

/* Begin XCConfigurationList section */
		8B62B7A22CACE0250095DA5F /* Build configuration list for PBXProject "SampleLogin" */ = {
			isa = XCConfigurationList;
			buildConfigurations = (
				8B62B7D22CACE02C0095DA5F /* Debug */,
				8B62B7D32CACE02C0095DA5F /* Release */,
			);
			defaultConfigurationIsVisible = 0;
			defaultConfigurationName = Release;
		};
		8B62B7D42CACE02D0095DA5F /* Build configuration list for PBXNativeTarget "SampleLogin (iOS)" */ = {
			isa = XCConfigurationList;
			buildConfigurations = (
				8B62B7D52CACE02D0095DA5F /* Debug */,
				8B62B7D62CACE02D0095DA5F /* Release */,
			);
			defaultConfigurationIsVisible = 0;
			defaultConfigurationName = Release;
		};
		8B62B7D72CACE02D0095DA5F /* Build configuration list for PBXNativeTarget "SampleLogin (macOS)" */ = {
			isa = XCConfigurationList;
			buildConfigurations = (
				8B62B7D82CACE02D0095DA5F /* Debug */,
				8B62B7D92CACE02D0095DA5F /* Release */,
			);
			defaultConfigurationIsVisible = 0;
			defaultConfigurationName = Release;
		};
		8B62B7DA2CACE02D0095DA5F /* Build configuration list for PBXNativeTarget "Tests iOS" */ = {
			isa = XCConfigurationList;
			buildConfigurations = (
				8B62B7DB2CACE02D0095DA5F /* Debug */,
				8B62B7DC2CACE02D0095DA5F /* Release */,
			);
			defaultConfigurationIsVisible = 0;
			defaultConfigurationName = Release;
		};
		8B62B7DD2CACE02D0095DA5F /* Build configuration list for PBXNativeTarget "Tests macOS" */ = {
			isa = XCConfigurationList;
			buildConfigurations = (
				8B62B7DE2CACE02D0095DA5F /* Debug */,
				8B62B7DF2CACE02D0095DA5F /* Release */,
			);
			defaultConfigurationIsVisible = 0;
			defaultConfigurationName = Release;
		};
/* End XCConfigurationList section */
	};
	rootObject = 8B62B79F2CACE0250095DA5F /* Project object */;
}
